// !$*UTF8*$!
{
	archiveVersion = 1;
	classes = {
	};
	objectVersion = 55;
	objects = {

/* Begin PBXBuildFile section */
		4CA581492863797F00006F1D /* climb_stairs.c in Sources */ = {isa = PBXBuildFile; fileRef = 4CA581482863797F00006F1D /* climb_stairs.c */; };
		4CB80FEB28112D6800DCB95A /* main.c in Sources */ = {isa = PBXBuildFile; fileRef = 4CB80FEA28112D6800DCB95A /* main.c */; };
		4CB80FFB28112E2000DCB95A /* time_complexity.c in Sources */ = {isa = PBXBuildFile; fileRef = 4CB80FFA28112E2000DCB95A /* time_complexity.c */; };
		4CB80FFD28112E3A00DCB95A /* spatial_complexity.c in Sources */ = {isa = PBXBuildFile; fileRef = 4CB80FFC28112E3A00DCB95A /* spatial_complexity.c */; };
		4CC2BBF6281136D3009CB59C /* data_agency_base.c in Sources */ = {isa = PBXBuildFile; fileRef = 4CC2BBF5281136D3009CB59C /* data_agency_base.c */; };
		4CC2BBF928113DE8009CB59C /* list.c in Sources */ = {isa = PBXBuildFile; fileRef = 4CC2BBF828113DE8009CB59C /* list.c */; };
		4CC2BBFC28114430009CB59C /* link_list.c in Sources */ = {isa = PBXBuildFile; fileRef = 4CC2BBFB28114430009CB59C /* link_list.c */; };
/* End PBXBuildFile section */

/* Begin PBXCopyFilesBuildPhase section */
		4CB80FE528112D6800DCB95A /* CopyFiles */ = {
			isa = PBXCopyFilesBuildPhase;
			buildActionMask = 2147483647;
			dstPath = /usr/share/man/man1/;
			dstSubfolderSpec = 0;
			files = (
			);
			runOnlyForDeploymentPostprocessing = 1;
		};
/* End PBXCopyFilesBuildPhase section */

/* Begin PBXFileReference section */
		4CA581482863797F00006F1D /* climb_stairs.c */ = {isa = PBXFileReference; lastKnownFileType = sourcecode.c.c; path = climb_stairs.c; sourceTree = "<group>"; };
		4CB80FE728112D6800DCB95A /* HHDataAgencyAlgorithm */ = {isa = PBXFileReference; explicitFileType = "compiled.mach-o.executable"; includeInIndex = 0; path = HHDataAgencyAlgorithm; sourceTree = BUILT_PRODUCTS_DIR; };
		4CB80FEA28112D6800DCB95A /* main.c */ = {isa = PBXFileReference; lastKnownFileType = sourcecode.c.c; path = main.c; sourceTree = "<group>"; };
		4CB80FFA28112E2000DCB95A /* time_complexity.c */ = {isa = PBXFileReference; lastKnownFileType = sourcecode.c.c; path = time_complexity.c; sourceTree = "<group>"; };
		4CB80FFC28112E3A00DCB95A /* spatial_complexity.c */ = {isa = PBXFileReference; lastKnownFileType = sourcecode.c.c; path = spatial_complexity.c; sourceTree = "<group>"; };
		4CC2BBF5281136D3009CB59C /* data_agency_base.c */ = {isa = PBXFileReference; lastKnownFileType = sourcecode.c.c; path = data_agency_base.c; sourceTree = "<group>"; };
		4CC2BBF828113DE8009CB59C /* list.c */ = {isa = PBXFileReference; lastKnownFileType = sourcecode.c.c; path = list.c; sourceTree = "<group>"; };
		4CC2BBFB28114430009CB59C /* link_list.c */ = {isa = PBXFileReference; lastKnownFileType = sourcecode.c.c; path = link_list.c; sourceTree = "<group>"; };
/* End PBXFileReference section */

/* Begin PBXFrameworksBuildPhase section */
		4CB80FE428112D6800DCB95A /* Frameworks */ = {
			isa = PBXFrameworksBuildPhase;
			buildActionMask = 2147483647;
			files = (
			);
			runOnlyForDeploymentPostprocessing = 0;
		};
/* End PBXFrameworksBuildPhase section */

/* Begin PBXGroup section */
		4CA58147286376D600006F1D /* 爬楼梯 */ = {
			isa = PBXGroup;
			children = (
				4CA581482863797F00006F1D /* climb_stairs.c */,
			);
			path = "爬楼梯";
			sourceTree = "<group>";
		};
		4CB80FDE28112D6800DCB95A = {
			isa = PBXGroup;
			children = (
				4CB80FE928112D6800DCB95A /* HHDataAgencyAlgorithm */,
				4CB80FE828112D6800DCB95A /* Products */,
			);
			sourceTree = "<group>";
		};
		4CB80FE828112D6800DCB95A /* Products */ = {
			isa = PBXGroup;
			children = (
				4CB80FE728112D6800DCB95A /* HHDataAgencyAlgorithm */,
			);
			name = Products;
			sourceTree = "<group>";
		};
		4CB80FE928112D6800DCB95A /* HHDataAgencyAlgorithm */ = {
			isa = PBXGroup;
			children = (
				4CA58147286376D600006F1D /* 爬楼梯 */,
				4CC2BBFA2811441F009CB59C /* 线性表链式存储 */,
				4CC2BBF728113DD3009CB59C /* 线性表顺序存储 */,
				4CC2BBF4281136C8009CB59C /* 数据结构基本术语 */,
				4CB80FF828112DE400DCB95A /* 时间复杂度 */,
				4CB80FF928112DF600DCB95A /* 空间复杂度 */,
				4CB80FEA28112D6800DCB95A /* main.c */,
			);
			path = HHDataAgencyAlgorithm;
			sourceTree = "<group>";
		};
		4CB80FF828112DE400DCB95A /* 时间复杂度 */ = {
			isa = PBXGroup;
			children = (
				4CB80FFA28112E2000DCB95A /* time_complexity.c */,
			);
			path = "时间复杂度";
			sourceTree = "<group>";
		};
		4CB80FF928112DF600DCB95A /* 空间复杂度 */ = {
			isa = PBXGroup;
			children = (
				4CB80FFC28112E3A00DCB95A /* spatial_complexity.c */,
			);
			path = "空间复杂度";
			sourceTree = "<group>";
		};
		4CC2BBF4281136C8009CB59C /* 数据结构基本术语 */ = {
			isa = PBXGroup;
			children = (
				4CC2BBF5281136D3009CB59C /* data_agency_base.c */,
			);
			path = "数据结构基本术语";
			sourceTree = "<group>";
		};
		4CC2BBF728113DD3009CB59C /* 线性表顺序存储 */ = {
			isa = PBXGroup;
			children = (
				4CC2BBF828113DE8009CB59C /* list.c */,
			);
			path = "线性表顺序存储";
			sourceTree = "<group>";
		};
		4CC2BBFA2811441F009CB59C /* 线性表链式存储 */ = {
			isa = PBXGroup;
			children = (
				4CC2BBFB28114430009CB59C /* link_list.c */,
			);
			path = "线性表链式存储";
			sourceTree = "<group>";
		};
/* End PBXGroup section */

/* Begin PBXNativeTarget section */
		4CB80FE628112D6800DCB95A /* HHDataAgencyAlgorithm */ = {
			isa = PBXNativeTarget;
			buildConfigurationList = 4CB80FEE28112D6800DCB95A /* Build configuration list for PBXNativeTarget "HHDataAgencyAlgorithm" */;
			buildPhases = (
				4CB80FE328112D6800DCB95A /* Sources */,
				4CB80FE428112D6800DCB95A /* Frameworks */,
				4CB80FE528112D6800DCB95A /* CopyFiles */,
			);
			buildRules = (
			);
			dependencies = (
			);
			name = HHDataAgencyAlgorithm;
			productName = HHDataAgencyAlgorithm;
			productReference = 4CB80FE728112D6800DCB95A /* HHDataAgencyAlgorithm */;
			productType = "com.apple.product-type.tool";
		};
/* End PBXNativeTarget section */

/* Begin PBXProject section */
		4CB80FDF28112D6800DCB95A /* Project object */ = {
			isa = PBXProject;
			attributes = {
				BuildIndependentTargetsInParallel = 1;
				LastUpgradeCheck = 1330;
				TargetAttributes = {
					4CB80FE628112D6800DCB95A = {
						CreatedOnToolsVersion = 13.3.1;
					};
				};
			};
			buildConfigurationList = 4CB80FE228112D6800DCB95A /* Build configuration list for PBXProject "HHDataAgencyAlgorithm" */;
			compatibilityVersion = "Xcode 13.0";
			developmentRegion = en;
			hasScannedForEncodings = 0;
			knownRegions = (
				en,
				Base,
			);
			mainGroup = 4CB80FDE28112D6800DCB95A;
			productRefGroup = 4CB80FE828112D6800DCB95A /* Products */;
			projectDirPath = "";
			projectRoot = "";
			targets = (
				4CB80FE628112D6800DCB95A /* HHDataAgencyAlgorithm */,
			);
		};
/* End PBXProject section */

/* Begin PBXSourcesBuildPhase section */
		4CB80FE328112D6800DCB95A /* Sources */ = {
			isa = PBXSourcesBuildPhase;
			buildActionMask = 2147483647;
			files = (
				4CA581492863797F00006F1D /* climb_stairs.c in Sources */,
				4CC2BBF928113DE8009CB59C /* list.c in Sources */,
				4CC2BBF6281136D3009CB59C /* data_agency_base.c in Sources */,
				4CC2BBFC28114430009CB59C /* link_list.c in Sources */,
				4CB80FFB28112E2000DCB95A /* time_complexity.c in Sources */,
				4CB80FEB28112D6800DCB95A /* main.c in Sources */,
				4CB80FFD28112E3A00DCB95A /* spatial_complexity.c in Sources */,
			);
			runOnlyForDeploymentPostprocessing = 0;
		};
/* End PBXSourcesBuildPhase section */

/* Begin XCBuildConfiguration section */
		4CB80FEC28112D6800DCB95A /* Debug */ = {
			isa = XCBuildConfiguration;
			buildSettings = {
				ALWAYS_SEARCH_USER_PATHS = NO;
				CLANG_ANALYZER_NONNULL = YES;
				CLANG_ANALYZER_NUMBER_OBJECT_CONVERSION = YES_AGGRESSIVE;
				CLANG_CXX_LANGUAGE_STANDARD = "gnu++17";
				CLANG_ENABLE_MODULES = YES;
				CLANG_ENABLE_OBJC_ARC = YES;
				CLANG_ENABLE_OBJC_WEAK = YES;
				CLANG_WARN_BLOCK_CAPTURE_AUTORELEASING = YES;
				CLANG_WARN_BOOL_CONVERSION = YES;
				CLANG_WARN_COMMA = YES;
				CLANG_WARN_CONSTANT_CONVERSION = YES;
				CLANG_WARN_DEPRECATED_OBJC_IMPLEMENTATIONS = YES;
				CLANG_WARN_DIRECT_OBJC_ISA_USAGE = YES_ERROR;
				CLANG_WARN_DOCUMENTATION_COMMENTS = YES;
				CLANG_WARN_EMPTY_BODY = YES;
				CLANG_WARN_ENUM_CONVERSION = YES;
				CLANG_WARN_INFINITE_RECURSION = YES;
				CLANG_WARN_INT_CONVERSION = YES;
				CLANG_WARN_NON_LITERAL_NULL_CONVERSION = YES;
				CLANG_WARN_OBJC_IMPLICIT_RETAIN_SELF = YES;
				CLANG_WARN_OBJC_LITERAL_CONVERSION = YES;
				CLANG_WARN_OBJC_ROOT_CLASS = YES_ERROR;
				CLANG_WARN_QUOTED_INCLUDE_IN_FRAMEWORK_HEADER = YES;
				CLANG_WARN_RANGE_LOOP_ANALYSIS = YES;
				CLANG_WARN_STRICT_PROTOTYPES = YES;
				CLANG_WARN_SUSPICIOUS_MOVE = YES;
				CLANG_WARN_UNGUARDED_AVAILABILITY = YES_AGGRESSIVE;
				CLANG_WARN_UNREACHABLE_CODE = YES;
				CLANG_WARN__DUPLICATE_METHOD_MATCH = YES;
				COPY_PHASE_STRIP = NO;
				DEBUG_INFORMATION_FORMAT = dwarf;
				ENABLE_STRICT_OBJC_MSGSEND = YES;
				ENABLE_TESTABILITY = YES;
				GCC_C_LANGUAGE_STANDARD = gnu11;
				GCC_DYNAMIC_NO_PIC = NO;
				GCC_NO_COMMON_BLOCKS = YES;
				GCC_OPTIMIZATION_LEVEL = 0;
				GCC_PREPROCESSOR_DEFINITIONS = (
					"DEBUG=1",
					"$(inherited)",
				);
				GCC_WARN_64_TO_32_BIT_CONVERSION = YES;
				GCC_WARN_ABOUT_RETURN_TYPE = YES_ERROR;
				GCC_WARN_UNDECLARED_SELECTOR = YES;
				GCC_WARN_UNINITIALIZED_AUTOS = YES_AGGRESSIVE;
				GCC_WARN_UNUSED_FUNCTION = YES;
				GCC_WARN_UNUSED_VARIABLE = YES;
				MACOSX_DEPLOYMENT_TARGET = 12.3;
				MTL_ENABLE_DEBUG_INFO = INCLUDE_SOURCE;
				MTL_FAST_MATH = YES;
				ONLY_ACTIVE_ARCH = YES;
				SDKROOT = macosx;
			};
			name = Debug;
		};
		4CB80FED28112D6800DCB95A /* Release */ = {
			isa = XCBuildConfiguration;
			buildSettings = {
				ALWAYS_SEARCH_USER_PATHS = NO;
				CLANG_ANALYZER_NONNULL = YES;
				CLANG_ANALYZER_NUMBER_OBJECT_CONVERSION = YES_AGGRESSIVE;
				CLANG_CXX_LANGUAGE_STANDARD = "gnu++17";
				CLANG_ENABLE_MODULES = YES;
				CLANG_ENABLE_OBJC_ARC = YES;
				CLANG_ENABLE_OBJC_WEAK = YES;
				CLANG_WARN_BLOCK_CAPTURE_AUTORELEASING = YES;
				CLANG_WARN_BOOL_CONVERSION = YES;
				CLANG_WARN_COMMA = YES;
				CLANG_WARN_CONSTANT_CONVERSION = YES;
				CLANG_WARN_DEPRECATED_OBJC_IMPLEMENTATIONS = YES;
				CLANG_WARN_DIRECT_OBJC_ISA_USAGE = YES_ERROR;
				CLANG_WARN_DOCUMENTATION_COMMENTS = YES;
				CLANG_WARN_EMPTY_BODY = YES;
				CLANG_WARN_ENUM_CONVERSION = YES;
				CLANG_WARN_INFINITE_RECURSION = YES;
				CLANG_WARN_INT_CONVERSION = YES;
				CLANG_WARN_NON_LITERAL_NULL_CONVERSION = YES;
				CLANG_WARN_OBJC_IMPLICIT_RETAIN_SELF = YES;
				CLANG_WARN_OBJC_LITERAL_CONVERSION = YES;
				CLANG_WARN_OBJC_ROOT_CLASS = YES_ERROR;
				CLANG_WARN_QUOTED_INCLUDE_IN_FRAMEWORK_HEADER = YES;
				CLANG_WARN_RANGE_LOOP_ANALYSIS = YES;
				CLANG_WARN_STRICT_PROTOTYPES = YES;
				CLANG_WARN_SUSPICIOUS_MOVE = YES;
				CLANG_WARN_UNGUARDED_AVAILABILITY = YES_AGGRESSIVE;
				CLANG_WARN_UNREACHABLE_CODE = YES;
				CLANG_WARN__DUPLICATE_METHOD_MATCH = YES;
				COPY_PHASE_STRIP = NO;
				DEBUG_INFORMATION_FORMAT = "dwarf-with-dsym";
				ENABLE_NS_ASSERTIONS = NO;
				ENABLE_STRICT_OBJC_MSGSEND = YES;
				GCC_C_LANGUAGE_STANDARD = gnu11;
				GCC_NO_COMMON_BLOCKS = YES;
				GCC_WARN_64_TO_32_BIT_CONVERSION = YES;
				GCC_WARN_ABOUT_RETURN_TYPE = YES_ERROR;
				GCC_WARN_UNDECLARED_SELECTOR = YES;
				GCC_WARN_UNINITIALIZED_AUTOS = YES_AGGRESSIVE;
				GCC_WARN_UNUSED_FUNCTION = YES;
				GCC_WARN_UNUSED_VARIABLE = YES;
				MACOSX_DEPLOYMENT_TARGET = 12.3;
				MTL_ENABLE_DEBUG_INFO = NO;
				MTL_FAST_MATH = YES;
				SDKROOT = macosx;
			};
			name = Release;
		};
		4CB80FEF28112D6800DCB95A /* Debug */ = {
			isa = XCBuildConfiguration;
			buildSettings = {
				CODE_SIGN_STYLE = Automatic;
				PRODUCT_NAME = "$(TARGET_NAME)";
			};
			name = Debug;
		};
		4CB80FF028112D6800DCB95A /* Release */ = {
			isa = XCBuildConfiguration;
			buildSettings = {
				CODE_SIGN_STYLE = Automatic;
				PRODUCT_NAME = "$(TARGET_NAME)";
			};
			name = Release;
		};
/* End XCBuildConfiguration section */

/* Begin XCConfigurationList section */
		4CB80FE228112D6800DCB95A /* Build configuration list for PBXProject "HHDataAgencyAlgorithm" */ = {
			isa = XCConfigurationList;
			buildConfigurations = (
				4CB80FEC28112D6800DCB95A /* Debug */,
				4CB80FED28112D6800DCB95A /* Release */,
			);
			defaultConfigurationIsVisible = 0;
			defaultConfigurationName = Release;
		};
		4CB80FEE28112D6800DCB95A /* Build configuration list for PBXNativeTarget "HHDataAgencyAlgorithm" */ = {
			isa = XCConfigurationList;
			buildConfigurations = (
				4CB80FEF28112D6800DCB95A /* Debug */,
				4CB80FF028112D6800DCB95A /* Release */,
			);
			defaultConfigurationIsVisible = 0;
			defaultConfigurationName = Release;
		};
/* End XCConfigurationList section */
	};
	rootObject = 4CB80FDF28112D6800DCB95A /* Project object */;
}
